<Solution>
  <Folder Name="/Business/">
    <Project Path="CFOS.Business/CFOS.Business.vbproj" />
    <Project Path="GMN.Business/GMN.Business.vbproj" Id="50d39715-021f-444f-985e-2b2a0ce2e4f7" />
    <Project Path="TGGD.Business.Tests/TGGD.Business.Tests.vbproj" Id="ddbf9509-71d9-4bbf-95ee-fcd5cf5b5e97" />
    <Project Path="TGGD.Business/TGGD.Business.vbproj" />
  </Folder>
  <Folder Name="/Data/">
    <Project Path="CFOS.Data/CFOS.Data.vbproj" />
    <Project Path="GMN.Data/GMN.Data.vbproj" Id="ff91a35c-4464-4561-9b86-402e05055601" />
    <Project Path="TGGD.Data/TGGD.Data.vbproj" />
  </Folder>
  <Folder Name="/Model/">
    <Project Path="CFOS.Model/CFOS.Model.vbproj" />
    <Project Path="TGGD.Model/TGGD.Model.vbproj" />
  </Folder>
  <Folder Name="/Solution Items/" />
  <Folder Name="/UI/">
    <Project Path="CFOS.UI/CFOS.UI.vbproj" />
    <Project Path="TGGD.UI/TGGD.UI.vbproj" />
  </Folder>
  <Project Path="CannonFodderOfSPLORR/CannonFodderOfSPLORR.vbproj" />
</Solution>
